Microsoft Visual Studio Solution File, Format Version 12.00
# Visual Studio Version 17
VisualStudioVersion = 17.5.2.0
MinimumVisualStudioVersion = 10.0.40219.1
Project("{FAE04EC0-301F-11D3-BF4B-00C04F79EFBC}") = "ssetest", "ssetest.csproj", "{382ABC4B-6AD1-AE44-5306-49531DCA5450}"
EndProject
Global
	GlobalSection(SolutionConfigurationPlatforms) = preSolution
		Debug|Any CPU = Debug|Any CPU
		Release|Any CPU = Release|Any CPU
	EndGlobalSection
	GlobalSection(ProjectConfigurationPlatforms) = postSolution
		{382ABC4B-6AD1-AE44-5306-49531DCA5450}.Debug|Any CPU.ActiveCfg = Debug|Any CPU
		{382ABC4B-6AD1-AE44-5306-49531DCA5450}.Debug|Any CPU.Build.0 = Debug|Any CPU
		{382ABC4B-6AD1-AE44-5306-49531DCA5450}.Release|Any CPU.ActiveCfg = Release|Any CPU
		{382ABC4B-6AD1-AE44-5306-49531DCA5450}.Release|Any CPU.Build.0 = Release|Any CPU
	EndGlobalSection
	GlobalSection(SolutionProperties) = preSolution
		HideSolutionNode = FALSE
	EndGlobalSection
	GlobalSection(ExtensibilityGlobals) = postSolution
		SolutionGuid = {0F174CCE-1B85-4920-BDAB-AFDC7A238E48}
	EndGlobalSection
EndGlobal
